
Microsoft Visual Studio Solution File, Format Version 10.00
# Visual Studio 2008
Project("{FAE04EC0-301F-11D3-BF4B-00C04F79EFBC}") = "KnapsackProblem", "KnapsackProblem\KnapsackProblem.csproj", "{31BF4452-0332-4550-879B-1795F118F2C3}"
EndProject
Global
	GlobalSection(SolutionConfigurationPlatforms) = preSolution
		Debug|Any CPU = Debug|Any CPU
		Release|Any CPU = Release|Any CPU
	EndGlobalSection
	GlobalSection(ProjectConfigurationPlatforms) = postSolution
		{31BF4452-0332-4550-879B-1795F118F2C3}.Debug|Any CPU.ActiveCfg = Debug|Any CPU
		{31BF4452-0332-4550-879B-1795F118F2C3}.Debug|Any CPU.Build.0 = Debug|Any CPU
		{31BF4452-0332-4550-879B-1795F118F2C3}.Release|Any CPU.ActiveCfg = Release|Any CPU
		{31BF4452-0332-4550-879B-1795F118F2C3}.Release|Any CPU.Build.0 = Release|Any CPU
	EndGlobalSection
	GlobalSection(SolutionProperties) = preSolution
		HideSolutionNode = FALSE
	EndGlobalSection
EndGlobal
