
Microsoft Visual Studio Solution File, Format Version 10.00
# Visual Studio 2008
Project("{FAE04EC0-301F-11D3-BF4B-00C04F79EFBC}") = "LanehKabutari", "LanehKabutari.csproj", "{91A57F64-0C1E-4EB9-81BD-9B999587FAF2}"
EndProject
Global
	GlobalSection(SolutionConfigurationPlatforms) = preSolution
		Debug|Any CPU = Debug|Any CPU
		Release|Any CPU = Release|Any CPU
	EndGlobalSection
	GlobalSection(ProjectConfigurationPlatforms) = postSolution
		{91A57F64-0C1E-4EB9-81BD-9B999587FAF2}.Debug|Any CPU.ActiveCfg = Debug|Any CPU
		{91A57F64-0C1E-4EB9-81BD-9B999587FAF2}.Debug|Any CPU.Build.0 = Debug|Any CPU
		{91A57F64-0C1E-4EB9-81BD-9B999587FAF2}.Release|Any CPU.ActiveCfg = Release|Any CPU
		{91A57F64-0C1E-4EB9-81BD-9B999587FAF2}.Release|Any CPU.Build.0 = Release|Any CPU
	EndGlobalSection
	GlobalSection(SolutionProperties) = preSolution
		HideSolutionNode = FALSE
	EndGlobalSection
EndGlobal
